// !$*UTF8*$!
{
	archiveVersion = 1;
	classes = {
	};
	objectVersion = 56;
	objects = {

/* Begin PBXBuildFile section */
		50745C962E7CA7C9004D0243 /* CalAIApp.swift in Sources */ = {isa = PBXBuildFile; fileRef = 50745C952E7CA7C9004D0243 /* CalAIApp.swift */; };
		50745C982E7CA7C9004D0243 /* ContentView.swift in Sources */ = {isa = PBXBuildFile; fileRef = 50745C972E7CA7C9004D0243 /* ContentView.swift */; };
		50745C9A2E7CA7CA004D0243 /* Assets.xcassets in Resources */ = {isa = PBXBuildFile; fileRef = 50745C992E7CA7CA004D0243 /* Assets.xcassets */; };
		50745C9D2E7CA7CA004D0243 /* Preview Assets.xcassets in Resources */ = {isa = PBXBuildFile; fileRef = 50745C9C2E7CA7CA004D0243 /* Preview Assets.xcassets */; };
		50745CA42E7CA8C9004D0243 /* CalendarManager.swift in Sources */ = {isa = PBXBuildFile; fileRef = 50745CA32E7CA8C9004D0243 /* CalendarManager.swift */; };
		50745CA62E7CA8D9004D0243 /* VoiceManager.swift in Sources */ = {isa = PBXBuildFile; fileRef = 50745CA52E7CA8D9004D0243 /* VoiceManager.swift */; };
		50745CA82E7CA8E9004D0243 /* AIManager.swift in Sources */ = {isa = PBXBuildFile; fileRef = 50745CA72E7CA8E9004D0243 /* AIManager.swift */; };
		50745CAA2E7CA8F9004D0243 /* CalendarTabView.swift in Sources */ = {isa = PBXBuildFile; fileRef = 50745CAB2E7CA8F9004D0243 /* CalendarTabView.swift */; };
		50745CAC2E7CA909004D0243 /* EventsTabView.swift in Sources */ = {isa = PBXBuildFile; fileRef = 50745CAD2E7CA909004D0243 /* EventsTabView.swift */; };
		50745CAE2E7CA919004D0243 /* AITabView.swift in Sources */ = {isa = PBXBuildFile; fileRef = 50745CAF2E7CA919004D0243 /* AITabView.swift */; };
		50745CB02E7CA929004D0243 /* SettingsTabView.swift in Sources */ = {isa = PBXBuildFile; fileRef = 50745CB12E7CA929004D0243 /* SettingsTabView.swift */; };
		50745CB22E7CA939004D0243 /* DayCalendarView.swift in Sources */ = {isa = PBXBuildFile; fileRef = 50745CB32E7CA939004D0243 /* DayCalendarView.swift */; };
		50745CB42E7CA949004D0243 /* WeekCalendarView.swift in Sources */ = {isa = PBXBuildFile; fileRef = 50745CB52E7CA949004D0243 /* WeekCalendarView.swift */; };
		50745CB62E7CA959004D0243 /* MonthCalendarView.swift in Sources */ = {isa = PBXBuildFile; fileRef = 50745CB72E7CA959004D0243 /* MonthCalendarView.swift */; };
		50745CB82E7CA969004D0243 /* YearCalendarView.swift in Sources */ = {isa = PBXBuildFile; fileRef = 50745CB92E7CA969004D0243 /* YearCalendarView.swift */; };
		50745CC12E7CAA10004D0243 /* SwiftAnthropic in Frameworks */ = {isa = PBXBuildFile; productRef = 50745CC22E7CAA20004D0243 /* SwiftAnthropic */; };
		50745D002E8080E1004D0243 /* Algorithms in Frameworks */ = {isa = PBXBuildFile; productRef = 50745CFF2E8080E1004D0243 /* Algorithms */; };
		A3C716AA7BB6447C9111E20F94EF3540 /* Config.swift in Sources */ = {isa = PBXBuildFile; fileRef = E10BD161D6CF45B0BA0CCDD94BE4C7A1 /* Config.swift */; };
		E19B7AB0C1854764084F7BC1CDE1E0F37 /* FontManager.swift in Sources */ = {isa = PBXBuildFile; fileRef = BF423B70491E4DA49A127ADF0748A67E /* FontManager.swift */; };
/* End PBXBuildFile section */

/* Begin PBXFileReference section */
		50745C922E7CA7C9004D0243 /* CalAI.app */ = {isa = PBXFileReference; explicitFileType = wrapper.application; includeInIndex = 0; path = CalAI.app; sourceTree = BUILT_PRODUCTS_DIR; };
		50745C952E7CA7C9004D0243 /* CalAIApp.swift */ = {isa = PBXFileReference; lastKnownFileType = sourcecode.swift; path = CalAIApp.swift; sourceTree = "<group>"; };
		50745C972E7CA7C9004D0243 /* ContentView.swift */ = {isa = PBXFileReference; lastKnownFileType = sourcecode.swift; path = ContentView.swift; sourceTree = "<group>"; };
		50745C992E7CA7CA004D0243 /* Assets.xcassets */ = {isa = PBXFileReference; lastKnownFileType = folder.assetcatalog; path = Assets.xcassets; sourceTree = "<group>"; };
		50745C9C2E7CA7CA004D0243 /* Preview Assets.xcassets */ = {isa = PBXFileReference; lastKnownFileType = folder.assetcatalog; path = "Preview Assets.xcassets"; sourceTree = "<group>"; };
		50745CA32E7CA8C9004D0243 /* CalendarManager.swift */ = {isa = PBXFileReference; lastKnownFileType = sourcecode.swift; path = CalendarManager.swift; sourceTree = "<group>"; };
		50745CA52E7CA8D9004D0243 /* VoiceManager.swift */ = {isa = PBXFileReference; lastKnownFileType = sourcecode.swift; path = VoiceManager.swift; sourceTree = "<group>"; };
		50745CA72E7CA8E9004D0243 /* AIManager.swift */ = {isa = PBXFileReference; lastKnownFileType = sourcecode.swift; path = AIManager.swift; sourceTree = "<group>"; };
		50745CA92E7CA8F9004D0243 /* Info.plist */ = {isa = PBXFileReference; lastKnownFileType = text.plist.xml; path = Info.plist; sourceTree = "<group>"; };
		50745CAB2E7CA8F9004D0243 /* CalendarTabView.swift */ = {isa = PBXFileReference; lastKnownFileType = sourcecode.swift; path = CalendarTabView.swift; sourceTree = "<group>"; };
		50745CAD2E7CA909004D0243 /* EventsTabView.swift */ = {isa = PBXFileReference; lastKnownFileType = sourcecode.swift; path = EventsTabView.swift; sourceTree = "<group>"; };
		50745CAF2E7CA919004D0243 /* AITabView.swift */ = {isa = PBXFileReference; lastKnownFileType = sourcecode.swift; path = AITabView.swift; sourceTree = "<group>"; };
		50745CB12E7CA929004D0243 /* SettingsTabView.swift */ = {isa = PBXFileReference; lastKnownFileType = sourcecode.swift; path = SettingsTabView.swift; sourceTree = "<group>"; };
		50745CB32E7CA939004D0243 /* DayCalendarView.swift */ = {isa = PBXFileReference; lastKnownFileType = sourcecode.swift; path = DayCalendarView.swift; sourceTree = "<group>"; };
		50745CB52E7CA949004D0243 /* WeekCalendarView.swift */ = {isa = PBXFileReference; lastKnownFileType = sourcecode.swift; path = WeekCalendarView.swift; sourceTree = "<group>"; };
		50745CB72E7CA959004D0243 /* MonthCalendarView.swift */ = {isa = PBXFileReference; lastKnownFileType = sourcecode.swift; path = MonthCalendarView.swift; sourceTree = "<group>"; };
		50745CB92E7CA969004D0243 /* YearCalendarView.swift */ = {isa = PBXFileReference; lastKnownFileType = sourcecode.swift; path = YearCalendarView.swift; sourceTree = "<group>"; };
		BF423B70491E4DA49A127ADF0748A67E /* FontManager.swift */ = {isa = PBXFileReference; lastKnownFileType = sourcecode.swift; path = FontManager.swift; sourceTree = "<group>"; };
		E10BD161D6CF45B0BA0CCDD94BE4C7A1 /* Config.swift */ = {isa = PBXFileReference; lastKnownFileType = sourcecode.swift; path = Config.swift; sourceTree = "<group>"; };
/* End PBXFileReference section */

/* Begin PBXFrameworksBuildPhase section */
		50745C8F2E7CA7C9004D0243 /* Frameworks */ = {
			isa = PBXFrameworksBuildPhase;
			buildActionMask = 2147483647;
			files = (
				50745D002E8080E1004D0243 /* Algorithms in Frameworks */,
				50745CC12E7CAA10004D0243 /* SwiftAnthropic in Frameworks */,
			);
			runOnlyForDeploymentPostprocessing = 0;
		};
/* End PBXFrameworksBuildPhase section */

/* Begin PBXGroup section */
		50745C892E7CA7C8004D0243 = {
			isa = PBXGroup;
			children = (
				50745C942E7CA7C9004D0243 /* CalAI */,
				50745C932E7CA7C9004D0243 /* Products */,
			);
			sourceTree = "<group>";
		};
		50745C932E7CA7C9004D0243 /* Products */ = {
			isa = PBXGroup;
			children = (
				50745C922E7CA7C9004D0243 /* CalAI.app */,
			);
			name = Products;
			sourceTree = "<group>";
		};
		50745C942E7CA7C9004D0243 /* CalAI */ = {
			isa = PBXGroup;
			children = (
				50745C952E7CA7C9004D0243 /* CalAIApp.swift */,
				50745C972E7CA7C9004D0243 /* ContentView.swift */,
				50745CAB2E7CA8F9004D0243 /* CalendarTabView.swift */,
				50745CAD2E7CA909004D0243 /* EventsTabView.swift */,
				50745CAF2E7CA919004D0243 /* AITabView.swift */,
				50745CB12E7CA929004D0243 /* SettingsTabView.swift */,
				50745CB32E7CA939004D0243 /* DayCalendarView.swift */,
				50745CB52E7CA949004D0243 /* WeekCalendarView.swift */,
				50745CB72E7CA959004D0243 /* MonthCalendarView.swift */,
				50745CB92E7CA969004D0243 /* YearCalendarView.swift */,
				BF423B70491E4DA49A127ADF0748A67E /* FontManager.swift */,
				50745CA32E7CA8C9004D0243 /* CalendarManager.swift */,
				50745CA52E7CA8D9004D0243 /* VoiceManager.swift */,
				50745CA72E7CA8E9004D0243 /* AIManager.swift */,
				E10BD161D6CF45B0BA0CCDD94BE4C7A1 /* Config.swift */,
				50745CA92E7CA8F9004D0243 /* Info.plist */,
				50745C992E7CA7CA004D0243 /* Assets.xcassets */,
				50745C9B2E7CA7CA004D0243 /* Preview Content */,
			);
			path = CalAI;
			sourceTree = "<group>";
		};
		50745C9B2E7CA7CA004D0243 /* Preview Content */ = {
			isa = PBXGroup;
			children = (
				50745C9C2E7CA7CA004D0243 /* Preview Assets.xcassets */,
			);
			path = "Preview Content";
			sourceTree = "<group>";
		};
/* End PBXGroup section */

/* Begin PBXNativeTarget section */
		50745C912E7CA7C9004D0243 /* CalAI */ = {
			isa = PBXNativeTarget;
			buildConfigurationList = 50745CA02E7CA7CA004D0243 /* Build configuration list for PBXNativeTarget "CalAI" */;
			buildPhases = (
				50745C8E2E7CA7C9004D0243 /* Sources */,
				50745C8F2E7CA7C9004D0243 /* Frameworks */,
				50745C902E7CA7C9004D0243 /* Resources */,
			);
			buildRules = (
			);
			dependencies = (
			);
			name = CalAI;
			packageProductDependencies = (
				50745CC22E7CAA20004D0243 /* SwiftAnthropic */,
				50745CFF2E8080E1004D0243 /* Algorithms */,
			);
			productName = CalAI;
			productReference = 50745C922E7CA7C9004D0243 /* CalAI.app */;
			productType = "com.apple.product-type.application";
		};
/* End PBXNativeTarget section */

/* Begin PBXProject section */
		50745C8A2E7CA7C8004D0243 /* Project object */ = {
			isa = PBXProject;
			attributes = {
				BuildIndependentTargetsInParallel = 1;
				LastSwiftUpdateCheck = 1500;
				LastUpgradeCheck = 1500;
				TargetAttributes = {
					50745C912E7CA7C9004D0243 = {
						CreatedOnToolsVersion = 15.0;
					};
				};
			};
			buildConfigurationList = 50745C8D2E7CA7C8004D0243 /* Build configuration list for PBXProject "CalAI" */;
			compatibilityVersion = "Xcode 14.0";
			developmentRegion = en;
			hasScannedForEncodings = 0;
			knownRegions = (
				en,
				Base,
			);
			mainGroup = 50745C892E7CA7C8004D0243;
			packageReferences = (
				50745CC02E7CAA00004D0243 /* XCRemoteSwiftPackageReference "SwiftAnthropic" */,
				50745CFE2E8080E1004D0243 /* XCRemoteSwiftPackageReference "swift-algorithms" */,
			);
			productRefGroup = 50745C932E7CA7C9004D0243 /* Products */;
			projectDirPath = "";
			projectRoot = "";
			targets = (
				50745C912E7CA7C9004D0243 /* CalAI */,
			);
		};
/* End PBXProject section */

/* Begin PBXResourcesBuildPhase section */
		50745C902E7CA7C9004D0243 /* Resources */ = {
			isa = PBXResourcesBuildPhase;
			buildActionMask = 2147483647;
			files = (
				50745C9D2E7CA7CA004D0243 /* Preview Assets.xcassets in Resources */,
				50745C9A2E7CA7CA004D0243 /* Assets.xcassets in Resources */,
			);
			runOnlyForDeploymentPostprocessing = 0;
		};
/* End PBXResourcesBuildPhase section */

/* Begin PBXSourcesBuildPhase section */
		50745C8E2E7CA7C9004D0243 /* Sources */ = {
			isa = PBXSourcesBuildPhase;
			buildActionMask = 2147483647;
			files = (
				50745C982E7CA7C9004D0243 /* ContentView.swift in Sources */,
				50745CAA2E7CA8F9004D0243 /* CalendarTabView.swift in Sources */,
				50745CAC2E7CA909004D0243 /* EventsTabView.swift in Sources */,
				50745CAE2E7CA919004D0243 /* AITabView.swift in Sources */,
				50745CB02E7CA929004D0243 /* SettingsTabView.swift in Sources */,
				50745CB22E7CA939004D0243 /* DayCalendarView.swift in Sources */,
				50745CB42E7CA949004D0243 /* WeekCalendarView.swift in Sources */,
				50745CB62E7CA959004D0243 /* MonthCalendarView.swift in Sources */,
				50745CB82E7CA969004D0243 /* YearCalendarView.swift in Sources */,
				50745CA42E7CA8C9004D0243 /* CalendarManager.swift in Sources */,
				50745CA62E7CA8D9004D0243 /* VoiceManager.swift in Sources */,
				50745CA82E7CA8E9004D0243 /* AIManager.swift in Sources */,
				A3C716AA7BB6447C9111E20F94EF3540 /* Config.swift in Sources */,
				E19B7AB0C1854764084F7BC1CDE1E0F37 /* FontManager.swift in Sources */,
				50745C962E7CA7C9004D0243 /* CalAIApp.swift in Sources */,
			);
			runOnlyForDeploymentPostprocessing = 0;
		};
/* End PBXSourcesBuildPhase section */

/* Begin XCBuildConfiguration section */
		50745C9E2E7CA7CA004D0243 /* Debug */ = {
			isa = XCBuildConfiguration;
			buildSettings = {
				ALWAYS_SEARCH_USER_PATHS = NO;
				ASSETCATALOG_COMPILER_GENERATE_SWIFT_ASSET_SYMBOL_EXTENSIONS = YES;
				CLANG_ANALYZER_NONNULL = YES;
				CLANG_ANALYZER_NUMBER_OBJECT_CONVERSION = YES_AGGRESSIVE;
				CLANG_CXX_LANGUAGE_STANDARD = "gnu++20";
				CLANG_ENABLE_MODULES = YES;
				CLANG_ENABLE_OBJC_ARC = YES;
				CLANG_ENABLE_OBJC_WEAK = YES;
				CLANG_WARN_BLOCK_CAPTURE_AUTORELEASING = YES;
				CLANG_WARN_BOOL_CONVERSION = YES;
				CLANG_WARN_COMMA = YES;
				CLANG_WARN_CONSTANT_CONVERSION = YES;
				CLANG_WARN_DEPRECATED_OBJC_IMPLEMENTATIONS = YES;
				CLANG_WARN_DIRECT_OBJC_ISA_USAGE = YES_ERROR;
				CLANG_WARN_DOCUMENTATION_COMMENTS = YES;
				CLANG_WARN_EMPTY_BODY = YES;
				CLANG_WARN_ENUM_CONVERSION = YES;
				CLANG_WARN_INFINITE_RECURSION = YES;
				CLANG_WARN_INT_CONVERSION = YES;
				CLANG_WARN_NON_LITERAL_NULL_CONVERSION = YES;
				CLANG_WARN_OBJC_IMPLICIT_RETAIN_SELF = YES;
				CLANG_WARN_OBJC_LITERAL_CONVERSION = YES;
				CLANG_WARN_OBJC_ROOT_CLASS = YES_ERROR;
				CLANG_WARN_QUOTED_INCLUDE_IN_FRAMEWORK_HEADER = YES;
				CLANG_WARN_RANGE_LOOP_ANALYSIS = YES;
				CLANG_WARN_STRICT_PROTOTYPES = YES;
				CLANG_WARN_SUSPICIOUS_MOVE = YES;
				CLANG_WARN_UNGUARDED_AVAILABILITY = YES_AGGRESSIVE;
				CLANG_WARN_UNREACHABLE_CODE = YES;
				CLANG_WARN__DUPLICATE_METHOD_MATCH = YES;
				COPY_PHASE_STRIP = NO;
				DEBUG_INFORMATION_FORMAT = dwarf;
				ENABLE_STRICT_OBJC_MSGSEND = YES;
				ENABLE_TESTABILITY = YES;
				ENABLE_USER_SCRIPT_SANDBOXING = YES;
				GCC_C_LANGUAGE_STANDARD = gnu17;
				GCC_DYNAMIC_NO_PIC = NO;
				GCC_NO_COMMON_BLOCKS = YES;
				GCC_OPTIMIZATION_LEVEL = 0;
				GCC_PREPROCESSOR_DEFINITIONS = (
					"DEBUG=1",
					"$(inherited)",
				);
				GCC_WARN_64_TO_32_BIT_CONVERSION = YES;
				GCC_WARN_ABOUT_RETURN_TYPE = YES_ERROR;
				GCC_WARN_UNDECLARED_SELECTOR = YES;
				GCC_WARN_UNINITIALIZED_AUTOS = YES_AGGRESSIVE;
				GCC_WARN_UNUSED_FUNCTION = YES;
				GCC_WARN_UNUSED_VARIABLE = YES;
				IPHONEOS_DEPLOYMENT_TARGET = 15.0;
				LOCALIZATION_PREFERS_STRING_CATALOGS = YES;
				MTL_ENABLE_DEBUG_INFO = INCLUDE_SOURCE;
				MTL_FAST_MATH = YES;
				ONLY_ACTIVE_ARCH = YES;
				SDKROOT = iphoneos;
				SWIFT_ACTIVE_COMPILATION_CONDITIONS = "DEBUG $(inherited)";
				SWIFT_OPTIMIZATION_LEVEL = "-Onone";
			};
			name = Debug;
		};
		50745C9F2E7CA7CA004D0243 /* Release */ = {
			isa = XCBuildConfiguration;
			buildSettings = {
				ALWAYS_SEARCH_USER_PATHS = NO;
				ASSETCATALOG_COMPILER_GENERATE_SWIFT_ASSET_SYMBOL_EXTENSIONS = YES;
				CLANG_ANALYZER_NONNULL = YES;
				CLANG_ANALYZER_NUMBER_OBJECT_CONVERSION = YES_AGGRESSIVE;
				CLANG_CXX_LANGUAGE_STANDARD = "gnu++20";
				CLANG_ENABLE_MODULES = YES;
				CLANG_ENABLE_OBJC_ARC = YES;
				CLANG_ENABLE_OBJC_WEAK = YES;
				CLANG_WARN_BLOCK_CAPTURE_AUTORELEASING = YES;
				CLANG_WARN_BOOL_CONVERSION = YES;
				CLANG_WARN_COMMA = YES;
				CLANG_WARN_CONSTANT_CONVERSION = YES;
				CLANG_WARN_DEPRECATED_OBJC_IMPLEMENTATIONS = YES;
				CLANG_WARN_DIRECT_OBJC_ISA_USAGE = YES_ERROR;
				CLANG_WARN_DOCUMENTATION_COMMENTS = YES;
				CLANG_WARN_EMPTY_BODY = YES;
				CLANG_WARN_ENUM_CONVERSION = YES;
				CLANG_WARN_INFINITE_RECURSION = YES;
				CLANG_WARN_INT_CONVERSION = YES;
				CLANG_WARN_NON_LITERAL_NULL_CONVERSION = YES;
				CLANG_WARN_OBJC_IMPLICIT_RETAIN_SELF = YES;
				CLANG_WARN_OBJC_LITERAL_CONVERSION = YES;
				CLANG_WARN_OBJC_ROOT_CLASS = YES_ERROR;
				CLANG_WARN_QUOTED_INCLUDE_IN_FRAMEWORK_HEADER = YES;
				CLANG_WARN_RANGE_LOOP_ANALYSIS = YES;
				CLANG_WARN_STRICT_PROTOTYPES = YES;
				CLANG_WARN_SUSPICIOUS_MOVE = YES;
				CLANG_WARN_UNGUARDED_AVAILABILITY = YES_AGGRESSIVE;
				CLANG_WARN_UNREACHABLE_CODE = YES;
				CLANG_WARN__DUPLICATE_METHOD_MATCH = YES;
				COPY_PHASE_STRIP = NO;
				DEBUG_INFORMATION_FORMAT = "dwarf-with-dsym";
				ENABLE_NS_ASSERTIONS = NO;
				ENABLE_STRICT_OBJC_MSGSEND = YES;
				ENABLE_USER_SCRIPT_SANDBOXING = YES;
				GCC_C_LANGUAGE_STANDARD = gnu17;
				GCC_NO_COMMON_BLOCKS = YES;
				GCC_WARN_64_TO_32_BIT_CONVERSION = YES;
				GCC_WARN_ABOUT_RETURN_TYPE = YES_ERROR;
				GCC_WARN_UNDECLARED_SELECTOR = YES;
				GCC_WARN_UNINITIALIZED_AUTOS = YES_AGGRESSIVE;
				GCC_WARN_UNUSED_FUNCTION = YES;
				GCC_WARN_UNUSED_VARIABLE = YES;
				IPHONEOS_DEPLOYMENT_TARGET = 15.0;
				LOCALIZATION_PREFERS_STRING_CATALOGS = YES;
				MTL_ENABLE_DEBUG_INFO = NO;
				MTL_FAST_MATH = YES;
				SDKROOT = iphoneos;
				SWIFT_COMPILATION_MODE = wholemodule;
				VALIDATE_PRODUCT = YES;
			};
			name = Release;
		};
		50745CA12E7CA7CA004D0243 /* Debug */ = {
			isa = XCBuildConfiguration;
			buildSettings = {
				ASSETCATALOG_COMPILER_APPICON_NAME = AppIcon;
				ASSETCATALOG_COMPILER_GLOBAL_ACCENT_COLOR_NAME = AccentColor;
				CODE_SIGN_STYLE = Automatic;
				CURRENT_PROJECT_VERSION = 1;
				DEVELOPMENT_ASSET_PATHS = "\"CalAI/Preview Content\"";
				DEVELOPMENT_TEAM = 8J8YH2RKPK;
				ENABLE_PREVIEWS = YES;
				GENERATE_INFOPLIST_FILE = NO;
				INFOPLIST_FILE = CalAI/Info.plist;
				INFOPLIST_KEY_UIApplicationSceneManifest_Generation = YES;
				INFOPLIST_KEY_UIApplicationSupportsIndirectInputEvents = YES;
				INFOPLIST_KEY_UILaunchScreen_Generation = YES;
				INFOPLIST_KEY_UISupportedInterfaceOrientations_iPad = "UIInterfaceOrientationPortrait UIInterfaceOrientationPortraitUpsideDown UIInterfaceOrientationLandscapeLeft UIInterfaceOrientationLandscapeRight";
				INFOPLIST_KEY_UISupportedInterfaceOrientations_iPhone = "UIInterfaceOrientationPortrait UIInterfaceOrientationLandscapeLeft UIInterfaceOrientationLandscapeRight";
				LD_RUNPATH_SEARCH_PATHS = (
					"$(inherited)",
					"@executable_path/Frameworks",
				);
				MARKETING_VERSION = 1.0;
				PRODUCT_BUNDLE_IDENTIFIER = com.calai.CalAI;
				PRODUCT_NAME = "$(TARGET_NAME)";
				SWIFT_EMIT_LOC_STRINGS = YES;
				SWIFT_VERSION = 5.0;
				TARGETED_DEVICE_FAMILY = "1,2";
			};
			name = Debug;
		};
		50745CA22E7CA7CA004D0243 /* Release */ = {
			isa = XCBuildConfiguration;
			buildSettings = {
				ASSETCATALOG_COMPILER_APPICON_NAME = AppIcon;
				ASSETCATALOG_COMPILER_GLOBAL_ACCENT_COLOR_NAME = AccentColor;
				CODE_SIGN_STYLE = Automatic;
				CURRENT_PROJECT_VERSION = 1;
				DEVELOPMENT_ASSET_PATHS = "\"CalAI/Preview Content\"";
				DEVELOPMENT_TEAM = 8J8YH2RKPK;
				ENABLE_PREVIEWS = YES;
				GENERATE_INFOPLIST_FILE = NO;
				INFOPLIST_FILE = CalAI/Info.plist;
				INFOPLIST_KEY_UIApplicationSceneManifest_Generation = YES;
				INFOPLIST_KEY_UIApplicationSupportsIndirectInputEvents = YES;
				INFOPLIST_KEY_UILaunchScreen_Generation = YES;
				INFOPLIST_KEY_UISupportedInterfaceOrientations_iPad = "UIInterfaceOrientationPortrait UIInterfaceOrientationPortraitUpsideDown UIInterfaceOrientationLandscapeLeft UIInterfaceOrientationLandscapeRight";
				INFOPLIST_KEY_UISupportedInterfaceOrientations_iPhone = "UIInterfaceOrientationPortrait UIInterfaceOrientationLandscapeLeft UIInterfaceOrientationLandscapeRight";
				LD_RUNPATH_SEARCH_PATHS = (
					"$(inherited)",
					"@executable_path/Frameworks",
				);
				MARKETING_VERSION = 1.0;
				PRODUCT_BUNDLE_IDENTIFIER = com.calai.CalAI;
				PRODUCT_NAME = "$(TARGET_NAME)";
				SWIFT_EMIT_LOC_STRINGS = YES;
				SWIFT_VERSION = 5.0;
				TARGETED_DEVICE_FAMILY = "1,2";
			};
			name = Release;
		};
/* End XCBuildConfiguration section */

/* Begin XCConfigurationList section */
		50745C8D2E7CA7C8004D0243 /* Build configuration list for PBXProject "CalAI" */ = {
			isa = XCConfigurationList;
			buildConfigurations = (
				50745C9E2E7CA7CA004D0243 /* Debug */,
				50745C9F2E7CA7CA004D0243 /* Release */,
			);
			defaultConfigurationIsVisible = 0;
			defaultConfigurationName = Release;
		};
		50745CA02E7CA7CA004D0243 /* Build configuration list for PBXNativeTarget "CalAI" */ = {
			isa = XCConfigurationList;
			buildConfigurations = (
				50745CA12E7CA7CA004D0243 /* Debug */,
				50745CA22E7CA7CA004D0243 /* Release */,
			);
			defaultConfigurationIsVisible = 0;
			defaultConfigurationName = Release;
		};
/* End XCConfigurationList section */

/* Begin XCRemoteSwiftPackageReference section */
		50745CC02E7CAA00004D0243 /* XCRemoteSwiftPackageReference "SwiftAnthropic" */ = {
			isa = XCRemoteSwiftPackageReference;
			repositoryURL = "https://github.com/jamesrochabrun/SwiftAnthropic";
			requirement = {
				kind = upToNextMajorVersion;
				minimumVersion = 1.0.0;
			};
		};
		50745CFE2E8080E1004D0243 /* XCRemoteSwiftPackageReference "swift-algorithms" */ = {
			isa = XCRemoteSwiftPackageReference;
			repositoryURL = "https://github.com/apple/swift-algorithms.git";
			requirement = {
				kind = upToNextMajorVersion;
				minimumVersion = 1.2.1;
			};
		};
/* End XCRemoteSwiftPackageReference section */

/* Begin XCSwiftPackageProductDependency section */
		50745CC22E7CAA20004D0243 /* SwiftAnthropic */ = {
			isa = XCSwiftPackageProductDependency;
			package = 50745CC02E7CAA00004D0243 /* XCRemoteSwiftPackageReference "SwiftAnthropic" */;
			productName = SwiftAnthropic;
		};
		50745CFF2E8080E1004D0243 /* Algorithms */ = {
			isa = XCSwiftPackageProductDependency;
			package = 50745CFE2E8080E1004D0243 /* XCRemoteSwiftPackageReference "swift-algorithms" */;
			productName = Algorithms;
		};
/* End XCSwiftPackageProductDependency section */
	};
	rootObject = 50745C8A2E7CA7C8004D0243 /* Project object */;
}
