// !$*UTF8*$!
{
	archiveVersion = 1;
	classes = {
	};
	objectVersion = 56;
	objects = {

/* Begin PBXBuildFile section */
		0B4318950F3D26CF74B88743 /* Services/SmartNotificationManager.swift in Sources */ = {isa = PBXBuildFile; fileRef = C83CFAD08A20B4CCE575C9CE /* Services/SmartNotificationManager.swift */; };
		1E7EB73033867405B7E0B1E7 /* Services/MeetingAnalyzer.swift in Sources */ = {isa = PBXBuildFile; fileRef = CD0F1CE4910EF893F2C790B2 /* Services/MeetingAnalyzer.swift */; };
		4B175B2F44E94617A718D88C /* CachedEvent+CoreDataClass.swift in Sources */ = {isa = PBXBuildFile; fileRef = 67B46C131EC34468921A482E /* CachedEvent+CoreDataClass.swift */; };
		505F673D2E81C6B900C188F0 /* MSAL in Frameworks */ = {isa = PBXBuildFile; productRef = 505F673C2E81C6B900C188F0 /* MSAL */; };
		505F673F2E81C75F00C188F0 /* OutlookCalendarManager.swift in Sources */ = {isa = PBXBuildFile; fileRef = 505F673E2E81C75F00C188F0 /* OutlookCalendarManager.swift */; };
		50745C962E7CA7C9004D0243 /* CalAIApp.swift in Sources */ = {isa = PBXBuildFile; fileRef = 50745C952E7CA7C9004D0243 /* CalAIApp.swift */; };
		50745C982E7CA7C9004D0243 /* ContentView.swift in Sources */ = {isa = PBXBuildFile; fileRef = 50745C972E7CA7C9004D0243 /* ContentView.swift */; };
		50745C9A2E7CA7CA004D0243 /* Assets.xcassets in Resources */ = {isa = PBXBuildFile; fileRef = 50745C992E7CA7CA004D0243 /* Assets.xcassets */; };
		50745C9D2E7CA7CA004D0243 /* Preview Assets.xcassets in Resources */ = {isa = PBXBuildFile; fileRef = 50745C9C2E7CA7CA004D0243 /* Preview Assets.xcassets */; };
		50745CA42E7CA8C9004D0243 /* CalendarManager.swift in Sources */ = {isa = PBXBuildFile; fileRef = 50745CA32E7CA8C9004D0243 /* CalendarManager.swift */; };
		50745CA62E7CA8D9004D0243 /* VoiceManager.swift in Sources */ = {isa = PBXBuildFile; fileRef = 50745CA52E7CA8D9004D0243 /* VoiceManager.swift */; };
		50745CA82E7CA8E9004D0243 /* AIManager.swift in Sources */ = {isa = PBXBuildFile; fileRef = 50745CA72E7CA8E9004D0243 /* AIManager.swift */; };
		50745CAA2E7CA8F9004D0243 /* CalendarTabView.swift in Sources */ = {isa = PBXBuildFile; fileRef = 50745CAB2E7CA8F9004D0243 /* CalendarTabView.swift */; };
		50745CAC2E7CA909004D0243 /* EventsTabView.swift in Sources */ = {isa = PBXBuildFile; fileRef = 50745CAD2E7CA909004D0243 /* EventsTabView.swift */; };
		50745CAE2E7CA919004D0243 /* AITabView.swift in Sources */ = {isa = PBXBuildFile; fileRef = 50745CAF2E7CA919004D0243 /* AITabView.swift */; };
		50745CB02E7CA929004D0243 /* SettingsTabView.swift in Sources */ = {isa = PBXBuildFile; fileRef = 50745CB12E7CA929004D0243 /* SettingsTabView.swift */; };
		50745CB22E7CA939004D0243 /* DayCalendarView.swift in Sources */ = {isa = PBXBuildFile; fileRef = 50745CB32E7CA939004D0243 /* DayCalendarView.swift */; };
		50745CB42E7CA949004D0243 /* WeekCalendarView.swift in Sources */ = {isa = PBXBuildFile; fileRef = 50745CB52E7CA949004D0243 /* WeekCalendarView.swift */; };
		50745CB62E7CA959004D0243 /* MonthCalendarView.swift in Sources */ = {isa = PBXBuildFile; fileRef = 50745CB72E7CA959004D0243 /* MonthCalendarView.swift */; };
		50745CB82E7CA969004D0243 /* YearCalendarView.swift in Sources */ = {isa = PBXBuildFile; fileRef = 50745CB92E7CA969004D0243 /* YearCalendarView.swift */; };
		50745CC12E7CAA10004D0243 /* SwiftAnthropic in Frameworks */ = {isa = PBXBuildFile; productRef = 50745CC22E7CAA20004D0243 /* SwiftAnthropic */; };
		50745CC32E7CAB30004D0243 /* CalendarCommand.swift in Sources */ = {isa = PBXBuildFile; fileRef = 50745CC42E7CAB30004D0243 /* CalendarCommand.swift */; };
		50745D002E8080E1004D0243 /* Algorithms in Frameworks */ = {isa = PBXBuildFile; productRef = 50745CFF2E8080E1004D0243 /* Algorithms */; };
		50745D022E80B15C004D0243 /* AddEventView.swift in Sources */ = {isa = PBXBuildFile; fileRef = 50745D012E80B15C004D0243 /* AddEventView.swift */; };
		50745D042E80D80A004D0243 /* client_43431862733-2ath0e407kaj4m8n8faj5nt6orhf6vlo.apps.googleusercontent.com.plist in Resources */ = {isa = PBXBuildFile; fileRef = 50745D032E80D80A004D0243 /* client_43431862733-2ath0e407kaj4m8n8faj5nt6orhf6vlo.apps.googleusercontent.com.plist */; };
		50745D072E80D877004D0243 /* GoogleSignIn in Frameworks */ = {isa = PBXBuildFile; productRef = 50745D062E80D877004D0243 /* GoogleSignIn */; };
		50745D092E80D877004D0243 /* GoogleSignInSwift in Frameworks */ = {isa = PBXBuildFile; productRef = 50745D082E80D877004D0243 /* GoogleSignInSwift */; };
		50745D0C2E80D8D5004D0243 /* Discovery in Frameworks */ = {isa = PBXBuildFile; productRef = 50745D0B2E80D8D5004D0243 /* Discovery */; };
		50745D0E2E80D8D5004D0243 /* GoogleAPIRuntime in Frameworks */ = {isa = PBXBuildFile; productRef = 50745D0D2E80D8D5004D0243 /* GoogleAPIRuntime */; };
		50745D102E80DAB3004D0243 /* GoogleCalendarManager.swift in Sources */ = {isa = PBXBuildFile; fileRef = 50745D0F2E80DAB3004D0243 /* GoogleCalendarManager.swift */; };
		550F415622911D2CC80A4805 /* Models/NotificationPreferences.swift in Sources */ = {isa = PBXBuildFile; fileRef = F2341A263909C0934BEFEB75 /* Models/NotificationPreferences.swift */; };
		550F415622911D2CC80A4806 /* Models/AppError.swift in Sources */ = {isa = PBXBuildFile; fileRef = F2341A263909C0934BEFEB76 /* Models/AppError.swift */; };
		5861F5748BADA99133BB4C2D /* Views/NotificationSettingsView.swift in Sources */ = {isa = PBXBuildFile; fileRef = 9194B734589836AE89D00BF3 /* Views/NotificationSettingsView.swift */; };
		5861F5748BADA99133BB4C2E /* Views/ErrorBannerView.swift in Sources */ = {isa = PBXBuildFile; fileRef = 9194B734589836AE89D00BF4 /* Views/ErrorBannerView.swift */; };
		5861F5748BADA99133BB4C2F /* Views/LoadingSkeletonView.swift in Sources */ = {isa = PBXBuildFile; fileRef = 9194B734589836AE89D00BF5 /* Views/LoadingSkeletonView.swift */; };
		5861F5748BADA99133BB4C30 /* Views/EmptyStateView.swift in Sources */ = {isa = PBXBuildFile; fileRef = 9194B734589836AE89D00BF6 /* Views/EmptyStateView.swift */; };
		58DB234D746C2F1244A1F9F7 /* Services/TravelTimeManager.swift in Sources */ = {isa = PBXBuildFile; fileRef = 9DE36C50958BBC6F3E7ED6F2 /* Services/TravelTimeManager.swift */; };
		77691F15886B476DAAFD8343 /* CachedEvent+CoreDataProperties.swift in Sources */ = {isa = PBXBuildFile; fileRef = 99F2FB17F466422F96CDA475 /* CachedEvent+CoreDataProperties.swift */; };
		82E1EC0082914E87A8ED4417 /* SyncManager.swift in Sources */ = {isa = PBXBuildFile; fileRef = EA8078A8310749E599624E07 /* SyncManager.swift */; };
		8E73C3AB6BD8432F8A259719 /* CalendarSyncStatus+CoreDataProperties.swift in Sources */ = {isa = PBXBuildFile; fileRef = 020CC79B628E4F26B759D524 /* CalendarSyncStatus+CoreDataProperties.swift */; };
		8O32HN70D8DYBVFO6TDFLD1V /* WebhookManager.swift in Sources */ = {isa = PBXBuildFile; fileRef = GZ9DW96JLV4Z5DHWH7OEH0T7 /* WebhookManager.swift */; };
		91YRDNOBZDFUM2DBEKPW1GGB /* DeltaSyncManager.swift in Sources */ = {isa = PBXBuildFile; fileRef = ZJM2FRZV7X4W9VD4C4B3OGE7 /* DeltaSyncManager.swift */; };
		9E02808874CF477B9D4496EC /* ConflictResolutionManager.swift in Sources */ = {isa = PBXBuildFile; fileRef = D83DAE93130B4923AE799767 /* ConflictResolutionManager.swift */; };
		9FA4E490D02D41DB8BC3D5E4 /* SecureStorage.swift in Sources */ = {isa = PBXBuildFile; fileRef = 9FA4E490D02D41DB8BC3D5E3 /* SecureStorage.swift */; };
		A3C716AA7BB6447C9111E20F94EF3540 /* Config.swift in Sources */ = {isa = PBXBuildFile; fileRef = E10BD161D6CF45B0BA0CCDD94BE4C7A1 /* Config.swift */; };
		APPEARANCE001234567890ABC /* AppearanceManager.swift in Sources */ = {isa = PBXBuildFile; fileRef = APPEARANCE001234567890DEF /* AppearanceManager.swift */; };
		CA4F6786322C4F9D884CB41B /* CoreDataManager.swift in Sources */ = {isa = PBXBuildFile; fileRef = 15B6F6C536014C07B84B54BD /* CoreDataManager.swift */; };
		E19B7AB0C1854764084F7BC1CDE1E0F37 /* FontManager.swift in Sources */ = {isa = PBXBuildFile; fileRef = BF423B70491E4DA49A127ADF0748A67E /* FontManager.swift */; };
		E19B7AB0C1854764084F7BC1CDE1E0F38 /* HapticManager.swift in Sources */ = {isa = PBXBuildFile; fileRef = BF423B70491E4DA49A127ADF0748A67F /* HapticManager.swift */; };
		E19B7AB0C1854764084F7BC1CDE1E0F39 /* DesignSystem.swift in Sources */ = {isa = PBXBuildFile; fileRef = BF423B70491E4DA49A127ADF0748A680 /* DesignSystem.swift */; };
		E19B7AB0C1854764084F7BC1CDE1E0F40 /* GestureHandler.swift in Sources */ = {isa = PBXBuildFile; fileRef = BF423B70491E4DA49A127ADF0748A681 /* GestureHandler.swift */; };
		E19B7AB0C1854764084F7BC1CDE1E0F41 /* EventFilterService.swift in Sources */ = {isa = PBXBuildFile; fileRef = BF423B70491E4DA49A127ADF0748A682 /* EventFilterService.swift */; };
		EC53F5003F3842A6BE0E1AA3 /* CalendarSyncStatus+CoreDataClass.swift in Sources */ = {isa = PBXBuildFile; fileRef = 4D51096E4254421FB0650F02 /* CalendarSyncStatus+CoreDataClass.swift */; };
		PYTO2L0DI6L5VO0LRWLD62LI /* CrossDeviceSyncManager.swift in Sources */ = {isa = PBXBuildFile; fileRef = 8B9DY4NXHUMP8VJQ7UPL2TLQ /* CrossDeviceSyncManager.swift */; };
/* End PBXBuildFile section */

/* Begin PBXFileReference section */
		020CC79B628E4F26B759D524 /* CalendarSyncStatus+CoreDataProperties.swift */ = {isa = PBXFileReference; lastKnownFileType = sourcecode.swift; path = "CalendarSyncStatus+CoreDataProperties.swift"; sourceTree = "<group>"; };
		15B6F6C536014C07B84B54BD /* CoreDataManager.swift */ = {isa = PBXFileReference; lastKnownFileType = sourcecode.swift; path = CoreDataManager.swift; sourceTree = "<group>"; };
		4D51096E4254421FB0650F02 /* CalendarSyncStatus+CoreDataClass.swift */ = {isa = PBXFileReference; lastKnownFileType = sourcecode.swift; path = "CalendarSyncStatus+CoreDataClass.swift"; sourceTree = "<group>"; };
		505F673E2E81C75F00C188F0 /* OutlookCalendarManager.swift */ = {isa = PBXFileReference; lastKnownFileType = sourcecode.swift; name = OutlookCalendarManager.swift; path = CalAI/OutlookCalendarManager.swift; sourceTree = "<group>"; };
		50745C922E7CA7C9004D0243 /* CalAI.app */ = {isa = PBXFileReference; explicitFileType = wrapper.application; includeInIndex = 0; path = CalAI.app; sourceTree = BUILT_PRODUCTS_DIR; };
		50745C952E7CA7C9004D0243 /* CalAIApp.swift */ = {isa = PBXFileReference; lastKnownFileType = sourcecode.swift; path = CalAIApp.swift; sourceTree = "<group>"; };
		50745C972E7CA7C9004D0243 /* ContentView.swift */ = {isa = PBXFileReference; lastKnownFileType = sourcecode.swift; path = ContentView.swift; sourceTree = "<group>"; };
		50745C992E7CA7CA004D0243 /* Assets.xcassets */ = {isa = PBXFileReference; lastKnownFileType = folder.assetcatalog; path = Assets.xcassets; sourceTree = "<group>"; };
		50745C9C2E7CA7CA004D0243 /* Preview Assets.xcassets */ = {isa = PBXFileReference; lastKnownFileType = folder.assetcatalog; path = "Preview Assets.xcassets"; sourceTree = "<group>"; };
		50745CA32E7CA8C9004D0243 /* CalendarManager.swift */ = {isa = PBXFileReference; lastKnownFileType = sourcecode.swift; path = CalendarManager.swift; sourceTree = "<group>"; };
		50745CA52E7CA8D9004D0243 /* VoiceManager.swift */ = {isa = PBXFileReference; lastKnownFileType = sourcecode.swift; path = VoiceManager.swift; sourceTree = "<group>"; };
		50745CA72E7CA8E9004D0243 /* AIManager.swift */ = {isa = PBXFileReference; lastKnownFileType = sourcecode.swift; path = AIManager.swift; sourceTree = "<group>"; };
		50745CA92E7CA8F9004D0243 /* Info.plist */ = {isa = PBXFileReference; lastKnownFileType = text.plist.xml; path = Info.plist; sourceTree = "<group>"; };
		50745CAB2E7CA8F9004D0243 /* CalendarTabView.swift */ = {isa = PBXFileReference; lastKnownFileType = sourcecode.swift; path = CalendarTabView.swift; sourceTree = "<group>"; };
		50745CAD2E7CA909004D0243 /* EventsTabView.swift */ = {isa = PBXFileReference; lastKnownFileType = sourcecode.swift; path = EventsTabView.swift; sourceTree = "<group>"; };
		50745CAF2E7CA919004D0243 /* AITabView.swift */ = {isa = PBXFileReference; lastKnownFileType = sourcecode.swift; path = AITabView.swift; sourceTree = "<group>"; };
		50745CB12E7CA929004D0243 /* SettingsTabView.swift */ = {isa = PBXFileReference; lastKnownFileType = sourcecode.swift; path = SettingsTabView.swift; sourceTree = "<group>"; };
		50745CB32E7CA939004D0243 /* DayCalendarView.swift */ = {isa = PBXFileReference; lastKnownFileType = sourcecode.swift; path = DayCalendarView.swift; sourceTree = "<group>"; };
		50745CB52E7CA949004D0243 /* WeekCalendarView.swift */ = {isa = PBXFileReference; lastKnownFileType = sourcecode.swift; path = WeekCalendarView.swift; sourceTree = "<group>"; };
		50745CB72E7CA959004D0243 /* MonthCalendarView.swift */ = {isa = PBXFileReference; lastKnownFileType = sourcecode.swift; path = MonthCalendarView.swift; sourceTree = "<group>"; };
		50745CB92E7CA969004D0243 /* YearCalendarView.swift */ = {isa = PBXFileReference; lastKnownFileType = sourcecode.swift; path = YearCalendarView.swift; sourceTree = "<group>"; };
		50745CC42E7CAB30004D0243 /* CalendarCommand.swift */ = {isa = PBXFileReference; lastKnownFileType = sourcecode.swift; path = CalendarCommand.swift; sourceTree = "<group>"; };
		50745D012E80B15C004D0243 /* AddEventView.swift */ = {isa = PBXFileReference; lastKnownFileType = sourcecode.swift; path = AddEventView.swift; sourceTree = "<group>"; };
		50745D032E80D80A004D0243 /* client_43431862733-2ath0e407kaj4m8n8faj5nt6orhf6vlo.apps.googleusercontent.com.plist */ = {isa = PBXFileReference; lastKnownFileType = text.plist.xml; path = "client_43431862733-2ath0e407kaj4m8n8faj5nt6orhf6vlo.apps.googleusercontent.com.plist"; sourceTree = "<group>"; };
		50745D0F2E80DAB3004D0243 /* GoogleCalendarManager.swift */ = {isa = PBXFileReference; lastKnownFileType = sourcecode.swift; path = GoogleCalendarManager.swift; sourceTree = "<group>"; };
		6658A4CEB41F4B9DB52EDFBB /* CalAIDataModel.xcdatamodeld */ = {isa = PBXFileReference; lastKnownFileType = wrapper.xcdatamodel; path = CalAIDataModel.xcdatamodeld; sourceTree = "<group>"; };
		67B46C131EC34468921A482E /* CachedEvent+CoreDataClass.swift */ = {isa = PBXFileReference; lastKnownFileType = sourcecode.swift; path = "CachedEvent+CoreDataClass.swift"; sourceTree = "<group>"; };
		8B9DY4NXHUMP8VJQ7UPL2TLQ /* CrossDeviceSyncManager.swift */ = {isa = PBXFileReference; lastKnownFileType = sourcecode.swift; path = CrossDeviceSyncManager.swift; sourceTree = "<group>"; };
		9194B734589836AE89D00BF3 /* Views/NotificationSettingsView.swift */ = {isa = PBXFileReference; lastKnownFileType = sourcecode.swift; path = Views/NotificationSettingsView.swift; sourceTree = "<group>"; };
		9194B734589836AE89D00BF4 /* Views/ErrorBannerView.swift */ = {isa = PBXFileReference; lastKnownFileType = sourcecode.swift; path = Views/ErrorBannerView.swift; sourceTree = "<group>"; };
		9194B734589836AE89D00BF5 /* Views/LoadingSkeletonView.swift */ = {isa = PBXFileReference; lastKnownFileType = sourcecode.swift; path = Views/LoadingSkeletonView.swift; sourceTree = "<group>"; };
		9194B734589836AE89D00BF6 /* Views/EmptyStateView.swift */ = {isa = PBXFileReference; lastKnownFileType = sourcecode.swift; path = Views/EmptyStateView.swift; sourceTree = "<group>"; };
		99F2FB17F466422F96CDA475 /* CachedEvent+CoreDataProperties.swift */ = {isa = PBXFileReference; lastKnownFileType = sourcecode.swift; path = "CachedEvent+CoreDataProperties.swift"; sourceTree = "<group>"; };
		9DE36C50958BBC6F3E7ED6F2 /* Services/TravelTimeManager.swift */ = {isa = PBXFileReference; lastKnownFileType = sourcecode.swift; path = Services/TravelTimeManager.swift; sourceTree = "<group>"; };
		9FA4E490D02D41DB8BC3D5E3 /* SecureStorage.swift */ = {isa = PBXFileReference; lastKnownFileType = sourcecode.swift; path = SecureStorage.swift; sourceTree = "<group>"; };
		APPEARANCE001234567890DEF /* AppearanceManager.swift */ = {isa = PBXFileReference; lastKnownFileType = sourcecode.swift; path = AppearanceManager.swift; sourceTree = "<group>"; };
		BF423B70491E4DA49A127ADF0748A67E /* FontManager.swift */ = {isa = PBXFileReference; lastKnownFileType = sourcecode.swift; path = FontManager.swift; sourceTree = "<group>"; };
		BF423B70491E4DA49A127ADF0748A67F /* HapticManager.swift */ = {isa = PBXFileReference; lastKnownFileType = sourcecode.swift; path = HapticManager.swift; sourceTree = "<group>"; };
		BF423B70491E4DA49A127ADF0748A680 /* DesignSystem.swift */ = {isa = PBXFileReference; lastKnownFileType = sourcecode.swift; path = DesignSystem.swift; sourceTree = "<group>"; };
		BF423B70491E4DA49A127ADF0748A681 /* GestureHandler.swift */ = {isa = PBXFileReference; lastKnownFileType = sourcecode.swift; path = GestureHandler.swift; sourceTree = "<group>"; };
		BF423B70491E4DA49A127ADF0748A682 /* EventFilterService.swift */ = {isa = PBXFileReference; lastKnownFileType = sourcecode.swift; path = EventFilterService.swift; sourceTree = "<group>"; };
		C83CFAD08A20B4CCE575C9CE /* Services/SmartNotificationManager.swift */ = {isa = PBXFileReference; lastKnownFileType = sourcecode.swift; path = Services/SmartNotificationManager.swift; sourceTree = "<group>"; };
		CD0F1CE4910EF893F2C790B2 /* Services/MeetingAnalyzer.swift */ = {isa = PBXFileReference; lastKnownFileType = sourcecode.swift; path = Services/MeetingAnalyzer.swift; sourceTree = "<group>"; };
		D83DAE93130B4923AE799767 /* ConflictResolutionManager.swift */ = {isa = PBXFileReference; lastKnownFileType = sourcecode.swift; path = ConflictResolutionManager.swift; sourceTree = "<group>"; };
		E10BD161D6CF45B0BA0CCDD94BE4C7A1 /* Config.swift */ = {isa = PBXFileReference; lastKnownFileType = sourcecode.swift; path = Config.swift; sourceTree = "<group>"; };
		EA8078A8310749E599624E07 /* SyncManager.swift */ = {isa = PBXFileReference; lastKnownFileType = sourcecode.swift; path = SyncManager.swift; sourceTree = "<group>"; };
		ENTITLEMENTS001234567890 /* CalAI.entitlements */ = {isa = PBXFileReference; lastKnownFileType = text.plist.entitlements; path = CalAI.entitlements; sourceTree = "<group>"; };
		F2341A263909C0934BEFEB75 /* Models/NotificationPreferences.swift */ = {isa = PBXFileReference; lastKnownFileType = sourcecode.swift; path = Models/NotificationPreferences.swift; sourceTree = "<group>"; };
		F2341A263909C0934BEFEB76 /* Models/AppError.swift */ = {isa = PBXFileReference; lastKnownFileType = sourcecode.swift; path = Models/AppError.swift; sourceTree = "<group>"; };
		GZ9DW96JLV4Z5DHWH7OEH0T7 /* WebhookManager.swift */ = {isa = PBXFileReference; lastKnownFileType = sourcecode.swift; path = WebhookManager.swift; sourceTree = "<group>"; };
		ZJM2FRZV7X4W9VD4C4B3OGE7 /* DeltaSyncManager.swift */ = {isa = PBXFileReference; lastKnownFileType = sourcecode.swift; path = DeltaSyncManager.swift; sourceTree = "<group>"; };
/* End PBXFileReference section */

/* Begin PBXFrameworksBuildPhase section */
		50745C8F2E7CA7C9004D0243 /* Frameworks */ = {
			isa = PBXFrameworksBuildPhase;
			buildActionMask = 2147483647;
			files = (
				50745D002E8080E1004D0243 /* Algorithms in Frameworks */,
				50745D0C2E80D8D5004D0243 /* Discovery in Frameworks */,
				50745CC12E7CAA10004D0243 /* SwiftAnthropic in Frameworks */,
				50745D0E2E80D8D5004D0243 /* GoogleAPIRuntime in Frameworks */,
				50745D072E80D877004D0243 /* GoogleSignIn in Frameworks */,
				505F673D2E81C6B900C188F0 /* MSAL in Frameworks */,
				50745D092E80D877004D0243 /* GoogleSignInSwift in Frameworks */,
			);
			runOnlyForDeploymentPostprocessing = 0;
		};
/* End PBXFrameworksBuildPhase section */

/* Begin PBXGroup section */
		50745C892E7CA7C8004D0243 = {
			isa = PBXGroup;
			children = (
				505F673E2E81C75F00C188F0 /* OutlookCalendarManager.swift */,
				50745D0F2E80DAB3004D0243 /* GoogleCalendarManager.swift */,
				50745C942E7CA7C9004D0243 /* CalAI */,
				50745C932E7CA7C9004D0243 /* Products */,
				50745D012E80B15C004D0243 /* AddEventView.swift */,
				50745D032E80D80A004D0243 /* client_43431862733-2ath0e407kaj4m8n8faj5nt6orhf6vlo.apps.googleusercontent.com.plist */,
			);
			sourceTree = "<group>";
		};
		50745C932E7CA7C9004D0243 /* Products */ = {
			isa = PBXGroup;
			children = (
				50745C922E7CA7C9004D0243 /* CalAI.app */,
			);
			name = Products;
			sourceTree = "<group>";
		};
		50745C942E7CA7C9004D0243 /* CalAI */ = {
			isa = PBXGroup;
			children = (
				ENTITLEMENTS001234567890 /* CalAI.entitlements */,
				50745C952E7CA7C9004D0243 /* CalAIApp.swift */,
				50745C972E7CA7C9004D0243 /* ContentView.swift */,
				9FA4E490D02D41DB8BC3D5E3 /* SecureStorage.swift */,
				50745CAB2E7CA8F9004D0243 /* CalendarTabView.swift */,
				50745CAD2E7CA909004D0243 /* EventsTabView.swift */,
				50745CAF2E7CA919004D0243 /* AITabView.swift */,
				50745CB12E7CA929004D0243 /* SettingsTabView.swift */,
				50745CB32E7CA939004D0243 /* DayCalendarView.swift */,
				50745CB52E7CA949004D0243 /* WeekCalendarView.swift */,
				50745CB72E7CA959004D0243 /* MonthCalendarView.swift */,
				50745CB92E7CA969004D0243 /* YearCalendarView.swift */,
				BF423B70491E4DA49A127ADF0748A67E /* FontManager.swift */,
				BF423B70491E4DA49A127ADF0748A67F /* HapticManager.swift */,
				BF423B70491E4DA49A127ADF0748A680 /* DesignSystem.swift */,
				BF423B70491E4DA49A127ADF0748A681 /* GestureHandler.swift */,
				BF423B70491E4DA49A127ADF0748A682 /* EventFilterService.swift */,
				APPEARANCE001234567890DEF /* AppearanceManager.swift */,
				50745CA32E7CA8C9004D0243 /* CalendarManager.swift */,
				50745CA52E7CA8D9004D0243 /* VoiceManager.swift */,
				50745CA72E7CA8E9004D0243 /* AIManager.swift */,
				50745CC42E7CAB30004D0243 /* CalendarCommand.swift */,
				E10BD161D6CF45B0BA0CCDD94BE4C7A1 /* Config.swift */,
				15B6F6C536014C07B84B54BD /* CoreDataManager.swift */,
				EA8078A8310749E599624E07 /* SyncManager.swift */,
				D83DAE93130B4923AE799767 /* ConflictResolutionManager.swift */,
				ZJM2FRZV7X4W9VD4C4B3OGE7 /* DeltaSyncManager.swift */,
				8B9DY4NXHUMP8VJQ7UPL2TLQ /* CrossDeviceSyncManager.swift */,
				GZ9DW96JLV4Z5DHWH7OEH0T7 /* WebhookManager.swift */,
				F2341A263909C0934BEFEB75 /* Models/NotificationPreferences.swift */,
				F2341A263909C0934BEFEB76 /* Models/AppError.swift */,
				CD0F1CE4910EF893F2C790B2 /* Services/MeetingAnalyzer.swift */,
				9DE36C50958BBC6F3E7ED6F2 /* Services/TravelTimeManager.swift */,
				C83CFAD08A20B4CCE575C9CE /* Services/SmartNotificationManager.swift */,
				9194B734589836AE89D00BF3 /* Views/NotificationSettingsView.swift */,
				9194B734589836AE89D00BF4 /* Views/ErrorBannerView.swift */,
				9194B734589836AE89D00BF5 /* Views/LoadingSkeletonView.swift */,
				9194B734589836AE89D00BF6 /* Views/EmptyStateView.swift */,
				6658A4CEB41F4B9DB52EDFBB /* CalAIDataModel.xcdatamodeld */,
				67B46C131EC34468921A482E /* CachedEvent+CoreDataClass.swift */,
				99F2FB17F466422F96CDA475 /* CachedEvent+CoreDataProperties.swift */,
				4D51096E4254421FB0650F02 /* CalendarSyncStatus+CoreDataClass.swift */,
				020CC79B628E4F26B759D524 /* CalendarSyncStatus+CoreDataProperties.swift */,
				50745CA92E7CA8F9004D0243 /* Info.plist */,
				50745C992E7CA7CA004D0243 /* Assets.xcassets */,
				50745C9B2E7CA7CA004D0243 /* Preview Content */,
			);
			path = CalAI;
			sourceTree = "<group>";
		};
		50745C9B2E7CA7CA004D0243 /* Preview Content */ = {
			isa = PBXGroup;
			children = (
				50745C9C2E7CA7CA004D0243 /* Preview Assets.xcassets */,
			);
			path = "Preview Content";
			sourceTree = "<group>";
		};
/* End PBXGroup section */

/* Begin PBXNativeTarget section */
		50745C912E7CA7C9004D0243 /* CalAI */ = {
			isa = PBXNativeTarget;
			buildConfigurationList = 50745CA02E7CA7CA004D0243 /* Build configuration list for PBXNativeTarget "CalAI" */;
			buildPhases = (
				50745C8E2E7CA7C9004D0243 /* Sources */,
				50745C8F2E7CA7C9004D0243 /* Frameworks */,
				50745C902E7CA7C9004D0243 /* Resources */,
			);
			buildRules = (
			);
			dependencies = (
			);
			name = CalAI;
			packageProductDependencies = (
				50745CC22E7CAA20004D0243 /* SwiftAnthropic */,
				50745CFF2E8080E1004D0243 /* Algorithms */,
				50745D062E80D877004D0243 /* GoogleSignIn */,
				50745D082E80D877004D0243 /* GoogleSignInSwift */,
				50745D0B2E80D8D5004D0243 /* Discovery */,
				50745D0D2E80D8D5004D0243 /* GoogleAPIRuntime */,
				505F673C2E81C6B900C188F0 /* MSAL */,
			);
			productName = CalAI;
			productReference = 50745C922E7CA7C9004D0243 /* CalAI.app */;
			productType = "com.apple.product-type.application";
		};
/* End PBXNativeTarget section */

/* Begin PBXProject section */
		50745C8A2E7CA7C8004D0243 /* Project object */ = {
			isa = PBXProject;
			attributes = {
				BuildIndependentTargetsInParallel = 1;
				LastSwiftUpdateCheck = 1500;
				LastUpgradeCheck = 1500;
				TargetAttributes = {
					50745C912E7CA7C9004D0243 = {
						CreatedOnToolsVersion = 15.0;
					};
				};
			};
			buildConfigurationList = 50745C8D2E7CA7C8004D0243 /* Build configuration list for PBXProject "CalAI" */;
			compatibilityVersion = "Xcode 14.0";
			developmentRegion = en;
			hasScannedForEncodings = 0;
			knownRegions = (
				en,
				Base,
			);
			mainGroup = 50745C892E7CA7C8004D0243;
			packageReferences = (
				50745CC02E7CAA00004D0243 /* XCRemoteSwiftPackageReference "SwiftAnthropic" */,
				50745CFE2E8080E1004D0243 /* XCRemoteSwiftPackageReference "swift-algorithms" */,
				50745D052E80D877004D0243 /* XCRemoteSwiftPackageReference "GoogleSignIn-iOS" */,
				50745D0A2E80D8D5004D0243 /* XCRemoteSwiftPackageReference "google-api-swift-client" */,
				505F673B2E81C6B900C188F0 /* XCRemoteSwiftPackageReference "microsoft-authentication-library-for-objc" */,
			);
			productRefGroup = 50745C932E7CA7C9004D0243 /* Products */;
			projectDirPath = "";
			projectRoot = "";
			targets = (
				50745C912E7CA7C9004D0243 /* CalAI */,
			);
		};
/* End PBXProject section */

/* Begin PBXResourcesBuildPhase section */
		50745C902E7CA7C9004D0243 /* Resources */ = {
			isa = PBXResourcesBuildPhase;
			buildActionMask = 2147483647;
			files = (
				50745C9D2E7CA7CA004D0243 /* Preview Assets.xcassets in Resources */,
				50745D042E80D80A004D0243 /* client_43431862733-2ath0e407kaj4m8n8faj5nt6orhf6vlo.apps.googleusercontent.com.plist in Resources */,
				50745C9A2E7CA7CA004D0243 /* Assets.xcassets in Resources */,
			);
			runOnlyForDeploymentPostprocessing = 0;
		};
/* End PBXResourcesBuildPhase section */

/* Begin PBXSourcesBuildPhase section */
		50745C8E2E7CA7C9004D0243 /* Sources */ = {
			isa = PBXSourcesBuildPhase;
			buildActionMask = 2147483647;
			files = (
				50745C982E7CA7C9004D0243 /* ContentView.swift in Sources */,
				9FA4E490D02D41DB8BC3D5E4 /* SecureStorage.swift in Sources */,
				50745D102E80DAB3004D0243 /* GoogleCalendarManager.swift in Sources */,
				50745CAA2E7CA8F9004D0243 /* CalendarTabView.swift in Sources */,
				50745CAC2E7CA909004D0243 /* EventsTabView.swift in Sources */,
				50745D022E80B15C004D0243 /* AddEventView.swift in Sources */,
				50745CAE2E7CA919004D0243 /* AITabView.swift in Sources */,
				50745CB02E7CA929004D0243 /* SettingsTabView.swift in Sources */,
				50745CB22E7CA939004D0243 /* DayCalendarView.swift in Sources */,
				50745CB42E7CA949004D0243 /* WeekCalendarView.swift in Sources */,
				505F673F2E81C75F00C188F0 /* OutlookCalendarManager.swift in Sources */,
				50745CB62E7CA959004D0243 /* MonthCalendarView.swift in Sources */,
				50745CB82E7CA969004D0243 /* YearCalendarView.swift in Sources */,
				50745CA42E7CA8C9004D0243 /* CalendarManager.swift in Sources */,
				50745CA62E7CA8D9004D0243 /* VoiceManager.swift in Sources */,
				50745CA82E7CA8E9004D0243 /* AIManager.swift in Sources */,
				50745CC32E7CAB30004D0243 /* CalendarCommand.swift in Sources */,
				A3C716AA7BB6447C9111E20F94EF3540 /* Config.swift in Sources */,
				E19B7AB0C1854764084F7BC1CDE1E0F37 /* FontManager.swift in Sources */,
				E19B7AB0C1854764084F7BC1CDE1E0F38 /* HapticManager.swift in Sources */,
				E19B7AB0C1854764084F7BC1CDE1E0F39 /* DesignSystem.swift in Sources */,
				E19B7AB0C1854764084F7BC1CDE1E0F40 /* GestureHandler.swift in Sources */,
				E19B7AB0C1854764084F7BC1CDE1E0F41 /* EventFilterService.swift in Sources */,
				APPEARANCE001234567890ABC /* AppearanceManager.swift in Sources */,
				CA4F6786322C4F9D884CB41B /* CoreDataManager.swift in Sources */,
				82E1EC0082914E87A8ED4417 /* SyncManager.swift in Sources */,
				9E02808874CF477B9D4496EC /* ConflictResolutionManager.swift in Sources */,
				91YRDNOBZDFUM2DBEKPW1GGB /* DeltaSyncManager.swift in Sources */,
				PYTO2L0DI6L5VO0LRWLD62LI /* CrossDeviceSyncManager.swift in Sources */,
				8O32HN70D8DYBVFO6TDFLD1V /* WebhookManager.swift in Sources */,
				4B175B2F44E94617A718D88C /* CachedEvent+CoreDataClass.swift in Sources */,
				77691F15886B476DAAFD8343 /* CachedEvent+CoreDataProperties.swift in Sources */,
				EC53F5003F3842A6BE0E1AA3 /* CalendarSyncStatus+CoreDataClass.swift in Sources */,
				8E73C3AB6BD8432F8A259719 /* CalendarSyncStatus+CoreDataProperties.swift in Sources */,
				50745C962E7CA7C9004D0243 /* CalAIApp.swift in Sources */,
				550F415622911D2CC80A4805 /* Models/NotificationPreferences.swift in Sources */,
				550F415622911D2CC80A4806 /* Models/AppError.swift in Sources */,
				1E7EB73033867405B7E0B1E7 /* Services/MeetingAnalyzer.swift in Sources */,
				58DB234D746C2F1244A1F9F7 /* Services/TravelTimeManager.swift in Sources */,
				0B4318950F3D26CF74B88743 /* Services/SmartNotificationManager.swift in Sources */,
				5861F5748BADA99133BB4C2D /* Views/NotificationSettingsView.swift in Sources */,
				5861F5748BADA99133BB4C2E /* Views/ErrorBannerView.swift in Sources */,
				5861F5748BADA99133BB4C2F /* Views/LoadingSkeletonView.swift in Sources */,
				5861F5748BADA99133BB4C30 /* Views/EmptyStateView.swift in Sources */,
			);
			runOnlyForDeploymentPostprocessing = 0;
		};
/* End PBXSourcesBuildPhase section */

/* Begin XCBuildConfiguration section */
		50745C9E2E7CA7CA004D0243 /* Debug */ = {
			isa = XCBuildConfiguration;
			buildSettings = {
				ALWAYS_SEARCH_USER_PATHS = NO;
				ASSETCATALOG_COMPILER_GENERATE_SWIFT_ASSET_SYMBOL_EXTENSIONS = YES;
				CLANG_ANALYZER_NONNULL = YES;
				CLANG_ANALYZER_NUMBER_OBJECT_CONVERSION = YES_AGGRESSIVE;
				CLANG_CXX_LANGUAGE_STANDARD = "gnu++20";
				CLANG_ENABLE_MODULES = YES;
				CLANG_ENABLE_OBJC_ARC = YES;
				CLANG_ENABLE_OBJC_WEAK = YES;
				CLANG_WARN_BLOCK_CAPTURE_AUTORELEASING = YES;
				CLANG_WARN_BOOL_CONVERSION = YES;
				CLANG_WARN_COMMA = YES;
				CLANG_WARN_CONSTANT_CONVERSION = YES;
				CLANG_WARN_DEPRECATED_OBJC_IMPLEMENTATIONS = YES;
				CLANG_WARN_DIRECT_OBJC_ISA_USAGE = YES_ERROR;
				CLANG_WARN_DOCUMENTATION_COMMENTS = YES;
				CLANG_WARN_EMPTY_BODY = YES;
				CLANG_WARN_ENUM_CONVERSION = YES;
				CLANG_WARN_INFINITE_RECURSION = YES;
				CLANG_WARN_INT_CONVERSION = YES;
				CLANG_WARN_NON_LITERAL_NULL_CONVERSION = YES;
				CLANG_WARN_OBJC_IMPLICIT_RETAIN_SELF = YES;
				CLANG_WARN_OBJC_LITERAL_CONVERSION = YES;
				CLANG_WARN_OBJC_ROOT_CLASS = YES_ERROR;
				CLANG_WARN_QUOTED_INCLUDE_IN_FRAMEWORK_HEADER = YES;
				CLANG_WARN_RANGE_LOOP_ANALYSIS = YES;
				CLANG_WARN_STRICT_PROTOTYPES = YES;
				CLANG_WARN_SUSPICIOUS_MOVE = YES;
				CLANG_WARN_UNGUARDED_AVAILABILITY = YES_AGGRESSIVE;
				CLANG_WARN_UNREACHABLE_CODE = YES;
				CLANG_WARN__DUPLICATE_METHOD_MATCH = YES;
				COPY_PHASE_STRIP = NO;
				DEBUG_INFORMATION_FORMAT = dwarf;
				ENABLE_STRICT_OBJC_MSGSEND = YES;
				ENABLE_TESTABILITY = YES;
				ENABLE_USER_SCRIPT_SANDBOXING = YES;
				GCC_C_LANGUAGE_STANDARD = gnu17;
				GCC_DYNAMIC_NO_PIC = NO;
				GCC_NO_COMMON_BLOCKS = YES;
				GCC_OPTIMIZATION_LEVEL = 0;
				GCC_PREPROCESSOR_DEFINITIONS = (
					"DEBUG=1",
					"$(inherited)",
				);
				GCC_WARN_64_TO_32_BIT_CONVERSION = YES;
				GCC_WARN_ABOUT_RETURN_TYPE = YES_ERROR;
				GCC_WARN_UNDECLARED_SELECTOR = YES;
				GCC_WARN_UNINITIALIZED_AUTOS = YES_AGGRESSIVE;
				GCC_WARN_UNUSED_FUNCTION = YES;
				GCC_WARN_UNUSED_VARIABLE = YES;
				IPHONEOS_DEPLOYMENT_TARGET = 15.0;
				LOCALIZATION_PREFERS_STRING_CATALOGS = YES;
				MTL_ENABLE_DEBUG_INFO = INCLUDE_SOURCE;
				MTL_FAST_MATH = YES;
				ONLY_ACTIVE_ARCH = YES;
				SDKROOT = iphoneos;
				SWIFT_ACTIVE_COMPILATION_CONDITIONS = "DEBUG $(inherited)";
				SWIFT_OPTIMIZATION_LEVEL = "-Onone";
			};
			name = Debug;
		};
		50745C9F2E7CA7CA004D0243 /* Release */ = {
			isa = XCBuildConfiguration;
			buildSettings = {
				ALWAYS_SEARCH_USER_PATHS = NO;
				ASSETCATALOG_COMPILER_GENERATE_SWIFT_ASSET_SYMBOL_EXTENSIONS = YES;
				CLANG_ANALYZER_NONNULL = YES;
				CLANG_ANALYZER_NUMBER_OBJECT_CONVERSION = YES_AGGRESSIVE;
				CLANG_CXX_LANGUAGE_STANDARD = "gnu++20";
				CLANG_ENABLE_MODULES = YES;
				CLANG_ENABLE_OBJC_ARC = YES;
				CLANG_ENABLE_OBJC_WEAK = YES;
				CLANG_WARN_BLOCK_CAPTURE_AUTORELEASING = YES;
				CLANG_WARN_BOOL_CONVERSION = YES;
				CLANG_WARN_COMMA = YES;
				CLANG_WARN_CONSTANT_CONVERSION = YES;
				CLANG_WARN_DEPRECATED_OBJC_IMPLEMENTATIONS = YES;
				CLANG_WARN_DIRECT_OBJC_ISA_USAGE = YES_ERROR;
				CLANG_WARN_DOCUMENTATION_COMMENTS = YES;
				CLANG_WARN_EMPTY_BODY = YES;
				CLANG_WARN_ENUM_CONVERSION = YES;
				CLANG_WARN_INFINITE_RECURSION = YES;
				CLANG_WARN_INT_CONVERSION = YES;
				CLANG_WARN_NON_LITERAL_NULL_CONVERSION = YES;
				CLANG_WARN_OBJC_IMPLICIT_RETAIN_SELF = YES;
				CLANG_WARN_OBJC_LITERAL_CONVERSION = YES;
				CLANG_WARN_OBJC_ROOT_CLASS = YES_ERROR;
				CLANG_WARN_QUOTED_INCLUDE_IN_FRAMEWORK_HEADER = YES;
				CLANG_WARN_RANGE_LOOP_ANALYSIS = YES;
				CLANG_WARN_STRICT_PROTOTYPES = YES;
				CLANG_WARN_SUSPICIOUS_MOVE = YES;
				CLANG_WARN_UNGUARDED_AVAILABILITY = YES_AGGRESSIVE;
				CLANG_WARN_UNREACHABLE_CODE = YES;
				CLANG_WARN__DUPLICATE_METHOD_MATCH = YES;
				COPY_PHASE_STRIP = NO;
				DEBUG_INFORMATION_FORMAT = "dwarf-with-dsym";
				ENABLE_NS_ASSERTIONS = NO;
				ENABLE_STRICT_OBJC_MSGSEND = YES;
				ENABLE_USER_SCRIPT_SANDBOXING = YES;
				GCC_C_LANGUAGE_STANDARD = gnu17;
				GCC_NO_COMMON_BLOCKS = YES;
				GCC_WARN_64_TO_32_BIT_CONVERSION = YES;
				GCC_WARN_ABOUT_RETURN_TYPE = YES_ERROR;
				GCC_WARN_UNDECLARED_SELECTOR = YES;
				GCC_WARN_UNINITIALIZED_AUTOS = YES_AGGRESSIVE;
				GCC_WARN_UNUSED_FUNCTION = YES;
				GCC_WARN_UNUSED_VARIABLE = YES;
				IPHONEOS_DEPLOYMENT_TARGET = 15.0;
				LOCALIZATION_PREFERS_STRING_CATALOGS = YES;
				MTL_ENABLE_DEBUG_INFO = NO;
				MTL_FAST_MATH = YES;
				SDKROOT = iphoneos;
				SWIFT_COMPILATION_MODE = wholemodule;
				VALIDATE_PRODUCT = YES;
			};
			name = Release;
		};
		50745CA12E7CA7CA004D0243 /* Debug */ = {
			isa = XCBuildConfiguration;
			buildSettings = {
				ASSETCATALOG_COMPILER_APPICON_NAME = AppIcon;
				ASSETCATALOG_COMPILER_GLOBAL_ACCENT_COLOR_NAME = AccentColor;
				CODE_SIGN_ALLOW_ENTITLEMENTS_MODIFICATION = YES;
				CODE_SIGN_ENTITLEMENTS = CalAI/CalAI.entitlements;
				CODE_SIGN_STYLE = Automatic;
				CURRENT_PROJECT_VERSION = 1;
				DEVELOPMENT_ASSET_PATHS = "\"CalAI/Preview Content\"";
				DEVELOPMENT_TEAM = 8J8YH2RKPK;
				ENABLE_PREVIEWS = YES;
				GENERATE_INFOPLIST_FILE = NO;
				INFOPLIST_FILE = CalAI/Info.plist;
				INFOPLIST_KEY_UIApplicationSceneManifest_Generation = YES;
				INFOPLIST_KEY_UIApplicationSupportsIndirectInputEvents = YES;
				INFOPLIST_KEY_UILaunchScreen_Generation = YES;
				INFOPLIST_KEY_UISupportedInterfaceOrientations_iPad = "UIInterfaceOrientationPortrait UIInterfaceOrientationPortraitUpsideDown UIInterfaceOrientationLandscapeLeft UIInterfaceOrientationLandscapeRight";
				INFOPLIST_KEY_UISupportedInterfaceOrientations_iPhone = "UIInterfaceOrientationPortrait UIInterfaceOrientationLandscapeLeft UIInterfaceOrientationLandscapeRight";
				LD_RUNPATH_SEARCH_PATHS = (
					"$(inherited)",
					"@executable_path/Frameworks",
				);
				MARKETING_VERSION = 1.0;
				PRODUCT_BUNDLE_IDENTIFIER = com.rasheuristics.calai.CalAi;
				PRODUCT_NAME = "$(TARGET_NAME)";
				SWIFT_EMIT_LOC_STRINGS = YES;
				SWIFT_VERSION = 5.0;
				TARGETED_DEVICE_FAMILY = "1,2";
			};
			name = Debug;
		};
		50745CA22E7CA7CA004D0243 /* Release */ = {
			isa = XCBuildConfiguration;
			buildSettings = {
				ASSETCATALOG_COMPILER_APPICON_NAME = AppIcon;
				ASSETCATALOG_COMPILER_GLOBAL_ACCENT_COLOR_NAME = AccentColor;
				CODE_SIGN_ALLOW_ENTITLEMENTS_MODIFICATION = YES;
				CODE_SIGN_ENTITLEMENTS = CalAI/CalAI.entitlements;
				CODE_SIGN_STYLE = Automatic;
				CURRENT_PROJECT_VERSION = 1;
				DEVELOPMENT_ASSET_PATHS = "\"CalAI/Preview Content\"";
				DEVELOPMENT_TEAM = 8J8YH2RKPK;
				ENABLE_PREVIEWS = YES;
				GENERATE_INFOPLIST_FILE = NO;
				INFOPLIST_FILE = CalAI/Info.plist;
				INFOPLIST_KEY_UIApplicationSceneManifest_Generation = YES;
				INFOPLIST_KEY_UIApplicationSupportsIndirectInputEvents = YES;
				INFOPLIST_KEY_UILaunchScreen_Generation = YES;
				INFOPLIST_KEY_UISupportedInterfaceOrientations_iPad = "UIInterfaceOrientationPortrait UIInterfaceOrientationPortraitUpsideDown UIInterfaceOrientationLandscapeLeft UIInterfaceOrientationLandscapeRight";
				INFOPLIST_KEY_UISupportedInterfaceOrientations_iPhone = "UIInterfaceOrientationPortrait UIInterfaceOrientationLandscapeLeft UIInterfaceOrientationLandscapeRight";
				LD_RUNPATH_SEARCH_PATHS = (
					"$(inherited)",
					"@executable_path/Frameworks",
				);
				MARKETING_VERSION = 1.0;
				PRODUCT_BUNDLE_IDENTIFIER = com.rasheuristics.calai.CalAi;
				PRODUCT_NAME = "$(TARGET_NAME)";
				SWIFT_EMIT_LOC_STRINGS = YES;
				SWIFT_VERSION = 5.0;
				TARGETED_DEVICE_FAMILY = "1,2";
			};
			name = Release;
		};
/* End XCBuildConfiguration section */

/* Begin XCConfigurationList section */
		50745C8D2E7CA7C8004D0243 /* Build configuration list for PBXProject "CalAI" */ = {
			isa = XCConfigurationList;
			buildConfigurations = (
				50745C9E2E7CA7CA004D0243 /* Debug */,
				50745C9F2E7CA7CA004D0243 /* Release */,
			);
			defaultConfigurationIsVisible = 0;
			defaultConfigurationName = Release;
		};
		50745CA02E7CA7CA004D0243 /* Build configuration list for PBXNativeTarget "CalAI" */ = {
			isa = XCConfigurationList;
			buildConfigurations = (
				50745CA12E7CA7CA004D0243 /* Debug */,
				50745CA22E7CA7CA004D0243 /* Release */,
			);
			defaultConfigurationIsVisible = 0;
			defaultConfigurationName = Release;
		};
/* End XCConfigurationList section */

/* Begin XCRemoteSwiftPackageReference section */
		505F673B2E81C6B900C188F0 /* XCRemoteSwiftPackageReference "microsoft-authentication-library-for-objc" */ = {
			isa = XCRemoteSwiftPackageReference;
			repositoryURL = "https://github.com/AzureAD/microsoft-authentication-library-for-objc";
			requirement = {
				kind = upToNextMajorVersion;
				minimumVersion = 2.4.0;
			};
		};
		50745CC02E7CAA00004D0243 /* XCRemoteSwiftPackageReference "SwiftAnthropic" */ = {
			isa = XCRemoteSwiftPackageReference;
			repositoryURL = "https://github.com/jamesrochabrun/SwiftAnthropic";
			requirement = {
				kind = upToNextMajorVersion;
				minimumVersion = 1.0.0;
			};
		};
		50745CFE2E8080E1004D0243 /* XCRemoteSwiftPackageReference "swift-algorithms" */ = {
			isa = XCRemoteSwiftPackageReference;
			repositoryURL = "https://github.com/apple/swift-algorithms.git";
			requirement = {
				kind = upToNextMajorVersion;
				minimumVersion = 1.2.1;
			};
		};
		50745D052E80D877004D0243 /* XCRemoteSwiftPackageReference "GoogleSignIn-iOS" */ = {
			isa = XCRemoteSwiftPackageReference;
			repositoryURL = "https://github.com/google/GoogleSignIn-iOS";
			requirement = {
				kind = upToNextMajorVersion;
				minimumVersion = 9.0.0;
			};
		};
		50745D0A2E80D8D5004D0243 /* XCRemoteSwiftPackageReference "google-api-swift-client" */ = {
			isa = XCRemoteSwiftPackageReference;
			repositoryURL = "https://github.com/googleapis/google-api-swift-client";
			requirement = {
				branch = main;
				kind = branch;
			};
		};
/* End XCRemoteSwiftPackageReference section */

/* Begin XCSwiftPackageProductDependency section */
		505F673C2E81C6B900C188F0 /* MSAL */ = {
			isa = XCSwiftPackageProductDependency;
			package = 505F673B2E81C6B900C188F0 /* XCRemoteSwiftPackageReference "microsoft-authentication-library-for-objc" */;
			productName = MSAL;
		};
		50745CC22E7CAA20004D0243 /* SwiftAnthropic */ = {
			isa = XCSwiftPackageProductDependency;
			package = 50745CC02E7CAA00004D0243 /* XCRemoteSwiftPackageReference "SwiftAnthropic" */;
			productName = SwiftAnthropic;
		};
		50745CFF2E8080E1004D0243 /* Algorithms */ = {
			isa = XCSwiftPackageProductDependency;
			package = 50745CFE2E8080E1004D0243 /* XCRemoteSwiftPackageReference "swift-algorithms" */;
			productName = Algorithms;
		};
		50745D062E80D877004D0243 /* GoogleSignIn */ = {
			isa = XCSwiftPackageProductDependency;
			package = 50745D052E80D877004D0243 /* XCRemoteSwiftPackageReference "GoogleSignIn-iOS" */;
			productName = GoogleSignIn;
		};
		50745D082E80D877004D0243 /* GoogleSignInSwift */ = {
			isa = XCSwiftPackageProductDependency;
			package = 50745D052E80D877004D0243 /* XCRemoteSwiftPackageReference "GoogleSignIn-iOS" */;
			productName = GoogleSignInSwift;
		};
		50745D0B2E80D8D5004D0243 /* Discovery */ = {
			isa = XCSwiftPackageProductDependency;
			package = 50745D0A2E80D8D5004D0243 /* XCRemoteSwiftPackageReference "google-api-swift-client" */;
			productName = Discovery;
		};
		50745D0D2E80D8D5004D0243 /* GoogleAPIRuntime */ = {
			isa = XCSwiftPackageProductDependency;
			package = 50745D0A2E80D8D5004D0243 /* XCRemoteSwiftPackageReference "google-api-swift-client" */;
			productName = GoogleAPIRuntime;
		};
/* End XCSwiftPackageProductDependency section */
	};
	rootObject = 50745C8A2E7CA7C8004D0243 /* Project object */;
}
